
Microsoft Visual Studio Solution File, Format Version 12.00
# Visual Studio Version 17
VisualStudioVersion = 17.5.33502.453
MinimumVisualStudioVersion = 10.0.40219.1
Project("{9A19103F-16F7-4668-BE54-9A1E7A4F7556}") = "InvoiceManagement", "InvoiceManagement.csproj", "{0EA7C6A9-0C13-4365-90AE-43493C71E2F6}"
EndProject
Global
	GlobalSection(SolutionConfigurationPlatforms) = preSolution
		Debug|Any CPU = Debug|Any CPU
		Release|Any CPU = Release|Any CPU
	EndGlobalSection
	GlobalSection(ProjectConfigurationPlatforms) = postSolution
		{0EA7C6A9-0C13-4365-90AE-43493C71E2F6}.Debug|Any CPU.ActiveCfg = Debug|Any CPU
		{0EA7C6A9-0C13-4365-90AE-43493C71E2F6}.Debug|Any CPU.Build.0 = Debug|Any CPU
		{0EA7C6A9-0C13-4365-90AE-43493C71E2F6}.Release|Any CPU.ActiveCfg = Release|Any CPU
		{0EA7C6A9-0C13-4365-90AE-43493C71E2F6}.Release|Any CPU.Build.0 = Release|Any CPU
	EndGlobalSection
	GlobalSection(SolutionProperties) = preSolution
		HideSolutionNode = FALSE
	EndGlobalSection
	GlobalSection(ExtensibilityGlobals) = postSolution
		SolutionGuid = {686FF6FA-69BC-4D23-8B29-BD74CD457B9D}
	EndGlobalSection
EndGlobal
